
Microsoft Visual Studio Solution File, Format Version 12.00
# Visual Studio 14
VisualStudioVersion = 14.0.25123.0
MinimumVisualStudioVersion = 10.0.40219.1
Project("{FAE04EC0-301F-11D3-BF4B-00C04F79EFBC}") = "WCFWebService", "WCFWebService\WCFWebService.csproj", "{0481C563-17B0-4212-88C8-B8F76C9E347F}"
EndProject
Project("{FAE04EC0-301F-11D3-BF4B-00C04F79EFBC}") = "ConsoleHost", "ConsoleHost\ConsoleHost.csproj", "{BD5756FD-42A4-473F-8054-7CA4AD596876}"
EndProject
Project("{FAE04EC0-301F-11D3-BF4B-00C04F79EFBC}") = "Entities", "Entities\Entities.csproj", "{5B567C44-C410-4DAB-8EE0-2BF5248209E1}"
EndProject
Project("{FAE04EC0-301F-11D3-BF4B-00C04F79EFBC}") = "WPFClient", "WPFClient\WPFClient.csproj", "{D4A88DCE-C59C-4E4F-A698-B125A1BC3E8A}"
EndProject
Project("{FAE04EC0-301F-11D3-BF4B-00C04F79EFBC}") = "WPFClientREST", "WPFClientREST\WPFClientREST.csproj", "{DD761229-6B05-4958-AFFF-C0D5DC2B91F8}"
EndProject
Global
	GlobalSection(SolutionConfigurationPlatforms) = preSolution
		Debug|Any CPU = Debug|Any CPU
		Release|Any CPU = Release|Any CPU
	EndGlobalSection
	GlobalSection(ProjectConfigurationPlatforms) = postSolution
		{0481C563-17B0-4212-88C8-B8F76C9E347F}.Debug|Any CPU.ActiveCfg = Debug|Any CPU
		{0481C563-17B0-4212-88C8-B8F76C9E347F}.Debug|Any CPU.Build.0 = Debug|Any CPU
		{0481C563-17B0-4212-88C8-B8F76C9E347F}.Release|Any CPU.ActiveCfg = Release|Any CPU
		{0481C563-17B0-4212-88C8-B8F76C9E347F}.Release|Any CPU.Build.0 = Release|Any CPU
		{BD5756FD-42A4-473F-8054-7CA4AD596876}.Debug|Any CPU.ActiveCfg = Debug|Any CPU
		{BD5756FD-42A4-473F-8054-7CA4AD596876}.Debug|Any CPU.Build.0 = Debug|Any CPU
		{BD5756FD-42A4-473F-8054-7CA4AD596876}.Release|Any CPU.ActiveCfg = Release|Any CPU
		{BD5756FD-42A4-473F-8054-7CA4AD596876}.Release|Any CPU.Build.0 = Release|Any CPU
		{5B567C44-C410-4DAB-8EE0-2BF5248209E1}.Debug|Any CPU.ActiveCfg = Debug|Any CPU
		{5B567C44-C410-4DAB-8EE0-2BF5248209E1}.Debug|Any CPU.Build.0 = Debug|Any CPU
		{5B567C44-C410-4DAB-8EE0-2BF5248209E1}.Release|Any CPU.ActiveCfg = Release|Any CPU
		{5B567C44-C410-4DAB-8EE0-2BF5248209E1}.Release|Any CPU.Build.0 = Release|Any CPU
		{D4A88DCE-C59C-4E4F-A698-B125A1BC3E8A}.Debug|Any CPU.ActiveCfg = Debug|Any CPU
		{D4A88DCE-C59C-4E4F-A698-B125A1BC3E8A}.Debug|Any CPU.Build.0 = Debug|Any CPU
		{D4A88DCE-C59C-4E4F-A698-B125A1BC3E8A}.Release|Any CPU.ActiveCfg = Release|Any CPU
		{D4A88DCE-C59C-4E4F-A698-B125A1BC3E8A}.Release|Any CPU.Build.0 = Release|Any CPU
		{DD761229-6B05-4958-AFFF-C0D5DC2B91F8}.Debug|Any CPU.ActiveCfg = Debug|Any CPU
		{DD761229-6B05-4958-AFFF-C0D5DC2B91F8}.Debug|Any CPU.Build.0 = Debug|Any CPU
		{DD761229-6B05-4958-AFFF-C0D5DC2B91F8}.Release|Any CPU.ActiveCfg = Release|Any CPU
		{DD761229-6B05-4958-AFFF-C0D5DC2B91F8}.Release|Any CPU.Build.0 = Release|Any CPU
	EndGlobalSection
	GlobalSection(SolutionProperties) = preSolution
		HideSolutionNode = FALSE
	EndGlobalSection
	GlobalSection(TeamFoundationVersionControl) = preSolution
		SccNumberOfProjects = 6
		SccEnterpriseProvider = {4CA58AB2-18FA-4F8D-95D4-32DDF27D184C}
		SccTeamFoundationServer = https://saelvethil.visualstudio.com/
		SccLocalPath0 = .
		SccProjectUniqueName1 = ConsoleHost\\ConsoleHost.csproj
		SccProjectName1 = ConsoleHost
		SccLocalPath1 = ConsoleHost
		SccProjectUniqueName2 = Entities\\Entities.csproj
		SccProjectName2 = Entities
		SccLocalPath2 = Entities
		SccProjectUniqueName3 = WCFWebService\\WCFWebService.csproj
		SccProjectName3 = WCFWebService
		SccLocalPath3 = WCFWebService
		SccProjectUniqueName4 = WPFClient\\WPFClient.csproj
		SccProjectName4 = WPFClient
		SccLocalPath4 = WPFClient
		SccProjectUniqueName5 = WPFClientREST\\WPFClientREST.csproj
		SccProjectName5 = WPFClientREST
		SccLocalPath5 = WPFClientREST
	EndGlobalSection
EndGlobal
